
Microsoft Visual Studio Solution File, Format Version 12.00
# Visual Studio 15
VisualStudioVersion = 15.0.28307.902
MinimumVisualStudioVersion = 10.0.40219.1
Project("{FAE04EC0-301F-11D3-BF4B-00C04F79EFBC}") = "task3", "task3\task3\task3.csproj", "{C389C389-9798-40E5-BC8D-0F56B5C5588D}"
EndProject
Project("{FAE04EC0-301F-11D3-BF4B-00C04F79EFBC}") = "task3.Android", "task3\task3.Android\task3.Android.csproj", "{71D068A2-BFC2-4B57-8027-9C539BFC8AAE}"
EndProject
Project("{FAE04EC0-301F-11D3-BF4B-00C04F79EFBC}") = "task3.iOS", "task3\task3.iOS\task3.iOS.csproj", "{683D3A4D-B58C-40AA-B455-BDE494D5EC7B}"
EndProject
Global
	GlobalSection(SolutionConfigurationPlatforms) = preSolution
		Ad-Hoc|Any CPU = Ad-Hoc|Any CPU
		Ad-Hoc|iPhone = Ad-Hoc|iPhone
		Ad-Hoc|iPhoneSimulator = Ad-Hoc|iPhoneSimulator
		AppStore|Any CPU = AppStore|Any CPU
		AppStore|iPhone = AppStore|iPhone
		AppStore|iPhoneSimulator = AppStore|iPhoneSimulator
		Debug|Any CPU = Debug|Any CPU
		Debug|iPhone = Debug|iPhone
		Debug|iPhoneSimulator = Debug|iPhoneSimulator
		Release|Any CPU = Release|Any CPU
		Release|iPhone = Release|iPhone
		Release|iPhoneSimulator = Release|iPhoneSimulator
	EndGlobalSection
	GlobalSection(ProjectConfigurationPlatforms) = postSolution
		{C389C389-9798-40E5-BC8D-0F56B5C5588D}.Ad-Hoc|Any CPU.ActiveCfg = Debug|Any CPU
		{C389C389-9798-40E5-BC8D-0F56B5C5588D}.Ad-Hoc|Any CPU.Build.0 = Debug|Any CPU
		{C389C389-9798-40E5-BC8D-0F56B5C5588D}.Ad-Hoc|iPhone.ActiveCfg = Debug|Any CPU
		{C389C389-9798-40E5-BC8D-0F56B5C5588D}.Ad-Hoc|iPhone.Build.0 = Debug|Any CPU
		{C389C389-9798-40E5-BC8D-0F56B5C5588D}.Ad-Hoc|iPhoneSimulator.ActiveCfg = Debug|Any CPU
		{C389C389-9798-40E5-BC8D-0F56B5C5588D}.Ad-Hoc|iPhoneSimulator.Build.0 = Debug|Any CPU
		{C389C389-9798-40E5-BC8D-0F56B5C5588D}.AppStore|Any CPU.ActiveCfg = Debug|Any CPU
		{C389C389-9798-40E5-BC8D-0F56B5C5588D}.AppStore|Any CPU.Build.0 = Debug|Any CPU
		{C389C389-9798-40E5-BC8D-0F56B5C5588D}.AppStore|iPhone.ActiveCfg = Debug|Any CPU
		{C389C389-9798-40E5-BC8D-0F56B5C5588D}.AppStore|iPhone.Build.0 = Debug|Any CPU
		{C389C389-9798-40E5-BC8D-0F56B5C5588D}.AppStore|iPhoneSimulator.ActiveCfg = Debug|Any CPU
		{C389C389-9798-40E5-BC8D-0F56B5C5588D}.AppStore|iPhoneSimulator.Build.0 = Debug|Any CPU
		{C389C389-9798-40E5-BC8D-0F56B5C5588D}.Debug|Any CPU.ActiveCfg = Debug|Any CPU
		{C389C389-9798-40E5-BC8D-0F56B5C5588D}.Debug|Any CPU.Build.0 = Debug|Any CPU
		{C389C389-9798-40E5-BC8D-0F56B5C5588D}.Debug|iPhone.ActiveCfg = Debug|Any CPU
		{C389C389-9798-40E5-BC8D-0F56B5C5588D}.Debug|iPhone.Build.0 = Debug|Any CPU
		{C389C389-9798-40E5-BC8D-0F56B5C5588D}.Debug|iPhoneSimulator.ActiveCfg = Debug|Any CPU
		{C389C389-9798-40E5-BC8D-0F56B5C5588D}.Debug|iPhoneSimulator.Build.0 = Debug|Any CPU
		{C389C389-9798-40E5-BC8D-0F56B5C5588D}.Release|Any CPU.ActiveCfg = Release|Any CPU
		{C389C389-9798-40E5-BC8D-0F56B5C5588D}.Release|Any CPU.Build.0 = Release|Any CPU
		{C389C389-9798-40E5-BC8D-0F56B5C5588D}.Release|iPhone.ActiveCfg = Release|Any CPU
		{C389C389-9798-40E5-BC8D-0F56B5C5588D}.Release|iPhone.Build.0 = Release|Any CPU
		{C389C389-9798-40E5-BC8D-0F56B5C5588D}.Release|iPhoneSimulator.ActiveCfg = Release|Any CPU
		{C389C389-9798-40E5-BC8D-0F56B5C5588D}.Release|iPhoneSimulator.Build.0 = Release|Any CPU
		{71D068A2-BFC2-4B57-8027-9C539BFC8AAE}.Ad-Hoc|Any CPU.ActiveCfg = Release|Any CPU
		{71D068A2-BFC2-4B57-8027-9C539BFC8AAE}.Ad-Hoc|Any CPU.Build.0 = Release|Any CPU
		{71D068A2-BFC2-4B57-8027-9C539BFC8AAE}.Ad-Hoc|Any CPU.Deploy.0 = Release|Any CPU
		{71D068A2-BFC2-4B57-8027-9C539BFC8AAE}.Ad-Hoc|iPhone.ActiveCfg = Release|Any CPU
		{71D068A2-BFC2-4B57-8027-9C539BFC8AAE}.Ad-Hoc|iPhone.Build.0 = Release|Any CPU
		{71D068A2-BFC2-4B57-8027-9C539BFC8AAE}.Ad-Hoc|iPhone.Deploy.0 = Release|Any CPU
		{71D068A2-BFC2-4B57-8027-9C539BFC8AAE}.Ad-Hoc|iPhoneSimulator.ActiveCfg = Release|Any CPU
		{71D068A2-BFC2-4B57-8027-9C539BFC8AAE}.Ad-Hoc|iPhoneSimulator.Build.0 = Release|Any CPU
		{71D068A2-BFC2-4B57-8027-9C539BFC8AAE}.Ad-Hoc|iPhoneSimulator.Deploy.0 = Release|Any CPU
		{71D068A2-BFC2-4B57-8027-9C539BFC8AAE}.AppStore|Any CPU.ActiveCfg = Release|Any CPU
		{71D068A2-BFC2-4B57-8027-9C539BFC8AAE}.AppStore|Any CPU.Build.0 = Release|Any CPU
		{71D068A2-BFC2-4B57-8027-9C539BFC8AAE}.AppStore|Any CPU.Deploy.0 = Release|Any CPU
		{71D068A2-BFC2-4B57-8027-9C539BFC8AAE}.AppStore|iPhone.ActiveCfg = Release|Any CPU
		{71D068A2-BFC2-4B57-8027-9C539BFC8AAE}.AppStore|iPhone.Build.0 = Release|Any CPU
		{71D068A2-BFC2-4B57-8027-9C539BFC8AAE}.AppStore|iPhone.Deploy.0 = Release|Any CPU
		{71D068A2-BFC2-4B57-8027-9C539BFC8AAE}.AppStore|iPhoneSimulator.ActiveCfg = Release|Any CPU
		{71D068A2-BFC2-4B57-8027-9C539BFC8AAE}.AppStore|iPhoneSimulator.Build.0 = Release|Any CPU
		{71D068A2-BFC2-4B57-8027-9C539BFC8AAE}.AppStore|iPhoneSimulator.Deploy.0 = Release|Any CPU
		{71D068A2-BFC2-4B57-8027-9C539BFC8AAE}.Debug|Any CPU.ActiveCfg = Debug|Any CPU
		{71D068A2-BFC2-4B57-8027-9C539BFC8AAE}.Debug|Any CPU.Build.0 = Debug|Any CPU
		{71D068A2-BFC2-4B57-8027-9C539BFC8AAE}.Debug|Any CPU.Deploy.0 = Debug|Any CPU
		{71D068A2-BFC2-4B57-8027-9C539BFC8AAE}.Debug|iPhone.ActiveCfg = Debug|Any CPU
		{71D068A2-BFC2-4B57-8027-9C539BFC8AAE}.Debug|iPhone.Build.0 = Debug|Any CPU
		{71D068A2-BFC2-4B57-8027-9C539BFC8AAE}.Debug|iPhone.Deploy.0 = Debug|Any CPU
		{71D068A2-BFC2-4B57-8027-9C539BFC8AAE}.Debug|iPhoneSimulator.ActiveCfg = Debug|Any CPU
		{71D068A2-BFC2-4B57-8027-9C539BFC8AAE}.Debug|iPhoneSimulator.Build.0 = Debug|Any CPU
		{71D068A2-BFC2-4B57-8027-9C539BFC8AAE}.Debug|iPhoneSimulator.Deploy.0 = Debug|Any CPU
		{71D068A2-BFC2-4B57-8027-9C539BFC8AAE}.Release|Any CPU.ActiveCfg = Release|Any CPU
		{71D068A2-BFC2-4B57-8027-9C539BFC8AAE}.Release|Any CPU.Build.0 = Release|Any CPU
		{71D068A2-BFC2-4B57-8027-9C539BFC8AAE}.Release|Any CPU.Deploy.0 = Release|Any CPU
		{71D068A2-BFC2-4B57-8027-9C539BFC8AAE}.Release|iPhone.ActiveCfg = Release|Any CPU
		{71D068A2-BFC2-4B57-8027-9C539BFC8AAE}.Release|iPhone.Build.0 = Release|Any CPU
		{71D068A2-BFC2-4B57-8027-9C539BFC8AAE}.Release|iPhone.Deploy.0 = Release|Any CPU
		{71D068A2-BFC2-4B57-8027-9C539BFC8AAE}.Release|iPhoneSimulator.ActiveCfg = Release|Any CPU
		{71D068A2-BFC2-4B57-8027-9C539BFC8AAE}.Release|iPhoneSimulator.Build.0 = Release|Any CPU
		{71D068A2-BFC2-4B57-8027-9C539BFC8AAE}.Release|iPhoneSimulator.Deploy.0 = Release|Any CPU
		{683D3A4D-B58C-40AA-B455-BDE494D5EC7B}.Ad-Hoc|Any CPU.ActiveCfg = Ad-Hoc|iPhone
		{683D3A4D-B58C-40AA-B455-BDE494D5EC7B}.Ad-Hoc|iPhone.ActiveCfg = Ad-Hoc|iPhone
		{683D3A4D-B58C-40AA-B455-BDE494D5EC7B}.Ad-Hoc|iPhone.Build.0 = Ad-Hoc|iPhone
		{683D3A4D-B58C-40AA-B455-BDE494D5EC7B}.Ad-Hoc|iPhoneSimulator.ActiveCfg = Ad-Hoc|iPhoneSimulator
		{683D3A4D-B58C-40AA-B455-BDE494D5EC7B}.Ad-Hoc|iPhoneSimulator.Build.0 = Ad-Hoc|iPhoneSimulator
		{683D3A4D-B58C-40AA-B455-BDE494D5EC7B}.AppStore|Any CPU.ActiveCfg = AppStore|iPhone
		{683D3A4D-B58C-40AA-B455-BDE494D5EC7B}.AppStore|iPhone.ActiveCfg = AppStore|iPhone
		{683D3A4D-B58C-40AA-B455-BDE494D5EC7B}.AppStore|iPhone.Build.0 = AppStore|iPhone
		{683D3A4D-B58C-40AA-B455-BDE494D5EC7B}.AppStore|iPhoneSimulator.ActiveCfg = AppStore|iPhoneSimulator
		{683D3A4D-B58C-40AA-B455-BDE494D5EC7B}.AppStore|iPhoneSimulator.Build.0 = AppStore|iPhoneSimulator
		{683D3A4D-B58C-40AA-B455-BDE494D5EC7B}.Debug|Any CPU.ActiveCfg = Debug|iPhone
		{683D3A4D-B58C-40AA-B455-BDE494D5EC7B}.Debug|iPhone.ActiveCfg = Debug|iPhone
		{683D3A4D-B58C-40AA-B455-BDE494D5EC7B}.Debug|iPhone.Build.0 = Debug|iPhone
		{683D3A4D-B58C-40AA-B455-BDE494D5EC7B}.Debug|iPhoneSimulator.ActiveCfg = Debug|iPhoneSimulator
		{683D3A4D-B58C-40AA-B455-BDE494D5EC7B}.Debug|iPhoneSimulator.Build.0 = Debug|iPhoneSimulator
		{683D3A4D-B58C-40AA-B455-BDE494D5EC7B}.Release|Any CPU.ActiveCfg = Release|iPhone
		{683D3A4D-B58C-40AA-B455-BDE494D5EC7B}.Release|iPhone.ActiveCfg = Release|iPhone
		{683D3A4D-B58C-40AA-B455-BDE494D5EC7B}.Release|iPhone.Build.0 = Release|iPhone
		{683D3A4D-B58C-40AA-B455-BDE494D5EC7B}.Release|iPhoneSimulator.ActiveCfg = Release|iPhoneSimulator
		{683D3A4D-B58C-40AA-B455-BDE494D5EC7B}.Release|iPhoneSimulator.Build.0 = Release|iPhoneSimulator
	EndGlobalSection
	GlobalSection(SolutionProperties) = preSolution
		HideSolutionNode = FALSE
	EndGlobalSection
	GlobalSection(ExtensibilityGlobals) = postSolution
		SolutionGuid = {33CB4733-BC41-4BEA-A127-0761CA15141A}
	EndGlobalSection
EndGlobal
